<?xml version="1.0" encoding="utf-8"?>
<Project ToolsVersion="4.0" xmlns="http://schemas.microsoft.com/developer/msbuild/2003">
  <ItemGroup>
    <Filter Include="Source files">
      <UniqueIdentifier>{9b0ee6d6-7287-40b1-a9ff-b6a017e63baa}</UniqueIdentifier>
      <Extensions>cpp;c;cc;cxx;def;odl;idl;hpj;bat;asm;asmx</Extensions>
    </Filter>
    <Filter Include="Header files">
      <UniqueIdentifier>{0f4ecc5d-e902-40a4-ade0-cecafadfc3b1}</UniqueIdentifier>
      <Extensions>h;hpp;hxx;hm;inl;inc;xsd</Extensions>
    </Filter>
    <Filter Include="Resource files">
      <UniqueIdentifier>{e5778c59-bdfe-48df-b45f-65f435a536a6}</UniqueIdentifier>
      <Extensions>rc;ico;cur;bmp;dlg;rc2;rct;bin;rgs;gif;jpg;jpeg;jpe;resx;tiff;tif;png;wav</Extensions>
    </Filter>
    <Filter Include="Source files\Application">
      <UniqueIdentifier>{87db5c22-92a1-447d-8dfd-a174ac3a6644}</UniqueIdentifier>
    </Filter>
    <Filter Include="Source files\Application\EWARM">
      <UniqueIdentifier>{6648021c-c615-4103-85ba-b0ea18c0b5a7}</UniqueIdentifier>
    </Filter>
    <Filter Include="Source files\Application\User">
      <UniqueIdentifier>{33cda141-1ccd-4b4e-b3a8-9ca8fe73e7b9}</UniqueIdentifier>
    </Filter>
    <Filter Include="Source files\Drivers">
      <UniqueIdentifier>{bbe724b4-0a4a-47c6-a774-c2b9ac78c35c}</UniqueIdentifier>
    </Filter>
    <Filter Include="Source files\Drivers\STM32F1xx_HAL_Driver">
      <UniqueIdentifier>{d93f87d9-f441-4916-af45-15a03334ee12}</UniqueIdentifier>
    </Filter>
    <Filter Include="Source files\Drivers\CMSIS">
      <UniqueIdentifier>{4c0a176f-5bcd-45ef-a4fc-25185e4fbbbf}</UniqueIdentifier>
    </Filter>
    <Filter Include="Source files\Middlewares">
      <UniqueIdentifier>{3569cc09-e2d7-46d0-afdd-9c32cfd049ab}</UniqueIdentifier>
    </Filter>
    <Filter Include="Source files\Middlewares\FreeRTOS">
      <UniqueIdentifier>{55ed1502-c7e2-4c13-b352-4b15bb4060c5}</UniqueIdentifier>
    </Filter>
    <Filter Include="Source files\Device-specific files">
      <UniqueIdentifier>{a629bff3-b3fd-43aa-9ac3-3d8682ad44ab}</UniqueIdentifier>
    </Filter>
    <Filter Include="Header files\Application">
      <UniqueIdentifier>{d4e40bf2-6bea-433d-96f3-091d9f9664d8}</UniqueIdentifier>
    </Filter>
    <Filter Include="Header files\Application\EWARM">
      <UniqueIdentifier>{20c0a6e6-5802-4f2a-978e-a7c93c9d89bc}</UniqueIdentifier>
    </Filter>
    <Filter Include="Header files\Application\User">
      <UniqueIdentifier>{eb1f8213-3cef-4c74-b2a3-35ef1982b387}</UniqueIdentifier>
    </Filter>
    <Filter Include="Header files\Drivers">
      <UniqueIdentifier>{51994592-57d6-4dfe-88f5-80047e11c436}</UniqueIdentifier>
    </Filter>
    <Filter Include="Header files\Drivers\STM32F1xx_HAL_Driver">
      <UniqueIdentifier>{25d5217a-d0b9-4283-829f-4cc7ba8b5693}</UniqueIdentifier>
    </Filter>
    <Filter Include="Header files\Drivers\CMSIS">
      <UniqueIdentifier>{7607a602-84e5-4f63-bc53-0aa8a3f5cbe5}</UniqueIdentifier>
    </Filter>
    <Filter Include="Header files\Middlewares">
      <UniqueIdentifier>{d9a9185f-07f6-4fba-b484-05cbcce21327}</UniqueIdentifier>
    </Filter>
    <Filter Include="Header files\Middlewares\FreeRTOS">
      <UniqueIdentifier>{301d330c-432e-43c5-a596-8fcf66b9c024}</UniqueIdentifier>
    </Filter>
    <Filter Include="Header files\Device-specific files">
      <UniqueIdentifier>{3509e1d7-9e8a-4bf2-afe3-cec432e01c3e}</UniqueIdentifier>
    </Filter>
    <Filter Include="VisualGDB settings">
      <UniqueIdentifier>{a098e908-747a-4fb9-a31f-4c7b08a70328}</UniqueIdentifier>
    </Filter>
    <Filter Include="Source files\MQTT">
      <UniqueIdentifier>{131d7ace-6712-4786-aac7-87e6a464388f}</UniqueIdentifier>
    </Filter>
  </ItemGroup>
  <ItemGroup>
    <ClCompile Include="..\startup_stm32f103xb.S">
      <Filter>Source files\Application\EWARM</Filter>
    </ClCompile>
    <ClCompile Include="..\..\Src\main.c">
      <Filter>Source files\Application\User</Filter>
    </ClCompile>
    <ClCompile Include="..\..\Src\freertos.c">
      <Filter>Source files\Application\User</Filter>
    </ClCompile>
    <ClCompile Include="..\..\Src\stm32f1xx_it.c">
      <Filter>Source files\Application\User</Filter>
    </ClCompile>
    <ClCompile Include="..\..\Src\stm32f1xx_hal_msp.c">
      <Filter>Source files\Application\User</Filter>
    </ClCompile>
    <ClCompile Include="..\..\Src\stm32f1xx_hal_timebase_tim.c">
      <Filter>Source files\Application\User</Filter>
    </ClCompile>
    <ClCompile Include="..\..\Drivers\STM32F1xx_HAL_Driver\Src\stm32f1xx_hal_gpio_ex.c">
      <Filter>Source files\Drivers\STM32F1xx_HAL_Driver</Filter>
    </ClCompile>
    <ClCompile Include="..\..\Drivers\STM32F1xx_HAL_Driver\Src\stm32f1xx_hal.c">
      <Filter>Source files\Drivers\STM32F1xx_HAL_Driver</Filter>
    </ClCompile>
    <ClCompile Include="..\..\Drivers\STM32F1xx_HAL_Driver\Src\stm32f1xx_hal_rcc.c">
      <Filter>Source files\Drivers\STM32F1xx_HAL_Driver</Filter>
    </ClCompile>
    <ClCompile Include="..\..\Drivers\STM32F1xx_HAL_Driver\Src\stm32f1xx_hal_rcc_ex.c">
      <Filter>Source files\Drivers\STM32F1xx_HAL_Driver</Filter>
    </ClCompile>
    <ClCompile Include="..\..\Drivers\STM32F1xx_HAL_Driver\Src\stm32f1xx_hal_gpio.c">
      <Filter>Source files\Drivers\STM32F1xx_HAL_Driver</Filter>
    </ClCompile>
    <ClCompile Include="..\..\Drivers\STM32F1xx_HAL_Driver\Src\stm32f1xx_hal_dma.c">
      <Filter>Source files\Drivers\STM32F1xx_HAL_Driver</Filter>
    </ClCompile>
    <ClCompile Include="..\..\Drivers\STM32F1xx_HAL_Driver\Src\stm32f1xx_hal_cortex.c">
      <Filter>Source files\Drivers\STM32F1xx_HAL_Driver</Filter>
    </ClCompile>
    <ClCompile Include="..\..\Drivers\STM32F1xx_HAL_Driver\Src\stm32f1xx_hal_pwr.c">
      <Filter>Source files\Drivers\STM32F1xx_HAL_Driver</Filter>
    </ClCompile>
    <ClCompile Include="..\..\Drivers\STM32F1xx_HAL_Driver\Src\stm32f1xx_hal_flash.c">
      <Filter>Source files\Drivers\STM32F1xx_HAL_Driver</Filter>
    </ClCompile>
    <ClCompile Include="..\..\Drivers\STM32F1xx_HAL_Driver\Src\stm32f1xx_hal_flash_ex.c">
      <Filter>Source files\Drivers\STM32F1xx_HAL_Driver</Filter>
    </ClCompile>
    <ClCompile Include="..\..\Drivers\STM32F1xx_HAL_Driver\Src\stm32f1xx_hal_exti.c">
      <Filter>Source files\Drivers\STM32F1xx_HAL_Driver</Filter>
    </ClCompile>
    <ClCompile Include="..\..\Drivers\STM32F1xx_HAL_Driver\Src\stm32f1xx_hal_spi.c">
      <Filter>Source files\Drivers\STM32F1xx_HAL_Driver</Filter>
    </ClCompile>
    <ClCompile Include="..\..\Drivers\STM32F1xx_HAL_Driver\Src\stm32f1xx_hal_tim.c">
      <Filter>Source files\Drivers\STM32F1xx_HAL_Driver</Filter>
    </ClCompile>
    <ClCompile Include="..\..\Drivers\STM32F1xx_HAL_Driver\Src\stm32f1xx_hal_tim_ex.c">
      <Filter>Source files\Drivers\STM32F1xx_HAL_Driver</Filter>
    </ClCompile>
    <ClCompile Include="..\..\Drivers\STM32F1xx_HAL_Driver\Src\stm32f1xx_hal_uart.c">
      <Filter>Source files\Drivers\STM32F1xx_HAL_Driver</Filter>
    </ClCompile>
    <ClCompile Include="..\..\Src\system_stm32f1xx.c">
      <Filter>Source files\Drivers\CMSIS</Filter>
    </ClCompile>
    <ClCompile Include="..\..\Middlewares\Third_Party\FreeRTOS\Source\croutine.c">
      <Filter>Source files\Middlewares\FreeRTOS</Filter>
    </ClCompile>
    <ClCompile Include="..\..\Middlewares\Third_Party\FreeRTOS\Source\event_groups.c">
      <Filter>Source files\Middlewares\FreeRTOS</Filter>
    </ClCompile>
    <ClCompile Include="..\..\Middlewares\Third_Party\FreeRTOS\Source\list.c">
      <Filter>Source files\Middlewares\FreeRTOS</Filter>
    </ClCompile>
    <ClCompile Include="..\..\Middlewares\Third_Party\FreeRTOS\Source\queue.c">
      <Filter>Source files\Middlewares\FreeRTOS</Filter>
    </ClCompile>
    <ClCompile Include="..\..\Middlewares\Third_Party\FreeRTOS\Source\stream_buffer.c">
      <Filter>Source files\Middlewares\FreeRTOS</Filter>
    </ClCompile>
    <ClCompile Include="..\..\Middlewares\Third_Party\FreeRTOS\Source\tasks.c">
      <Filter>Source files\Middlewares\FreeRTOS</Filter>
    </ClCompile>
    <ClCompile Include="..\..\Middlewares\Third_Party\FreeRTOS\Source\timers.c">
      <Filter>Source files\Middlewares\FreeRTOS</Filter>
    </ClCompile>
    <ClCompile Include="..\..\Middlewares\Third_Party\FreeRTOS\Source\CMSIS_RTOS_V2\cmsis_os2.c">
      <Filter>Source files\Middlewares\FreeRTOS</Filter>
    </ClCompile>
    <ClCompile Include="..\..\Middlewares\Third_Party\FreeRTOS\Source\portable\MemMang\heap_4.c">
      <Filter>Source files\Middlewares\FreeRTOS</Filter>
    </ClCompile>
    <ClCompile Include="..\..\Middlewares\Third_Party\FreeRTOS\Source\portable\IAR\ARM_CM3\port.c">
      <Filter>Source files\Middlewares\FreeRTOS</Filter>
    </ClCompile>
    <ClCompile Include="..\..\Middlewares\Third_Party\FreeRTOS\Source\portable\IAR\ARM_CM3\portasm.S">
      <Filter>Source files\Middlewares\FreeRTOS</Filter>
    </ClCompile>
    <None Include="mcu.props">
      <Filter>Source files\Device-specific files</Filter>
    </None>
    <None Include="ThermoSensors-Debug.vgdbsettings">
      <Filter>VisualGDB settings</Filter>
    </None>
    <None Include="ThermoSensors-Release.vgdbsettings">
      <Filter>VisualGDB settings</Filter>
    </None>
    <None Include="MCU.xml">
      <Filter>VisualGDB settings</Filter>
    </None>
    <ClCompile Include="..\..\..\MyLibraries\DHCP\dhcp.c">
      <Filter>Source files</Filter>
    </ClCompile>
    <ClCompile Include="..\..\..\MyLibraries\DNS\dns.c">
      <Filter>Source files</Filter>
    </ClCompile>
    <ClCompile Include="..\..\..\MyLibraries\DS18B20\DS18B20.c">
      <Filter>Source files</Filter>
    </ClCompile>
    <ClCompile Include="..\..\..\MyLibraries\GlobalDefault.c">
      <Filter>Source files</Filter>
    </ClCompile>
    <ClCompile Include="..\..\..\MyLibraries\W5500\socket.c">
      <Filter>Source files</Filter>
    </ClCompile>
    <ClCompile Include="..\..\..\MyLibraries\W5500\w5500.c">
      <Filter>Source files</Filter>
    </ClCompile>
    <ClCompile Include="..\..\..\MyLibraries\W5500\wizchip_conf.c">
      <Filter>Source files</Filter>
    </ClCompile>
    <ClCompile Include="..\..\..\MyLibraries\MQTT\MQTTClient.c">
      <Filter>Source files\MQTT</Filter>
    </ClCompile>
    <ClCompile Include="..\..\..\MyLibraries\MQTT\MQTTPacket\src\MQTTConnectClient.c">
      <Filter>Source files\MQTT</Filter>
    </ClCompile>
    <ClCompile Include="..\..\..\MyLibraries\MQTT\MQTTPacket\src\MQTTConnectServer.c">
      <Filter>Source files\MQTT</Filter>
    </ClCompile>
    <ClCompile Include="..\..\..\MyLibraries\MQTT\MQTTPacket\src\MQTTDeserializePublish.c">
      <Filter>Source files\MQTT</Filter>
    </ClCompile>
    <ClCompile Include="..\..\..\MyLibraries\MQTTDrive.c">
      <Filter>Source files\MQTT</Filter>
    </ClCompile>
    <ClCompile Include="..\..\..\MyLibraries\MQTT\MQTTPacket\src\MQTTFormat.c">
      <Filter>Source files\MQTT</Filter>
    </ClCompile>
    <ClCompile Include="..\..\..\MyLibraries\MQTT\MQTTPacket\src\MQTTPacket.c">
      <Filter>Source files\MQTT</Filter>
    </ClCompile>
    <ClCompile Include="..\..\..\MyLibraries\MQTT\MQTTPacket\src\MQTTSerializePublish.c">
      <Filter>Source files\MQTT</Filter>
    </ClCompile>
    <ClCompile Include="..\..\..\MyLibraries\MQTT\MQTTPacket\src\MQTTSubscribeClient.c">
      <Filter>Source files\MQTT</Filter>
    </ClCompile>
    <ClCompile Include="..\..\..\MyLibraries\MQTT\MQTTPacket\src\MQTTSubscribeServer.c">
      <Filter>Source files\MQTT</Filter>
    </ClCompile>
    <ClCompile Include="..\..\..\MyLibraries\MQTT\MQTTPacket\src\MQTTUnsubscribeClient.c">
      <Filter>Source files\MQTT</Filter>
    </ClCompile>
    <ClCompile Include="..\..\..\MyLibraries\MQTT\MQTTPacket\src\MQTTUnsubscribeServer.c">
      <Filter>Source files\MQTT</Filter>
    </ClCompile>
    <ClCompile Include="..\..\..\MyLibraries\MQTT\mqtt_interface.c">
      <Filter>Source files\MQTT</Filter>
    </ClCompile>
  </ItemGroup>
</Project>