
Microsoft Visual Studio Solution File, Format Version 12.00
# Visual Studio Version 17
VisualStudioVersion = 17.8.34601.278
MinimumVisualStudioVersion = 10.0.40219.1
Project("{FAE04EC0-301F-11D3-BF4B-00C04F79EFBC}") = "LogoInsert", "LogoInsert.csproj", "{E005058D-7A2D-4BAD-9CA4-806D9639A731}"
EndProject
Global
	GlobalSection(SolutionConfigurationPlatforms) = preSolution
		Debug|Any CPU = Debug|Any CPU
		Release|Any CPU = Release|Any CPU
	EndGlobalSection
	GlobalSection(ProjectConfigurationPlatforms) = postSolution
		{E005058D-7A2D-4BAD-9CA4-806D9639A731}.Debug|Any CPU.ActiveCfg = Debug|Any CPU
		{E005058D-7A2D-4BAD-9CA4-806D9639A731}.Debug|Any CPU.Build.0 = Debug|Any CPU
		{E005058D-7A2D-4BAD-9CA4-806D9639A731}.Release|Any CPU.ActiveCfg = Release|Any CPU
		{E005058D-7A2D-4BAD-9CA4-806D9639A731}.Release|Any CPU.Build.0 = Release|Any CPU
	EndGlobalSection
	GlobalSection(SolutionProperties) = preSolution
		HideSolutionNode = FALSE
	EndGlobalSection
	GlobalSection(ExtensibilityGlobals) = postSolution
		SolutionGuid = {08674E55-26D1-4B0F-BC29-56D2BAD3285E}
	EndGlobalSection
EndGlobal
