
Microsoft Visual Studio Solution File, Format Version 12.00
# Visual Studio Version 17
VisualStudioVersion = 17.8.34601.278
MinimumVisualStudioVersion = 10.0.40219.1
Project("{FAE04EC0-301F-11D3-BF4B-00C04F79EFBC}") = "ConsoleApp1", "ConsoleApp1.csproj", "{DAEFC497-5E1B-425F-8A12-BC532AA21749}"
EndProject
Global
	GlobalSection(SolutionConfigurationPlatforms) = preSolution
		Debug|Any CPU = Debug|Any CPU
		Release|Any CPU = Release|Any CPU
	EndGlobalSection
	GlobalSection(ProjectConfigurationPlatforms) = postSolution
		{DAEFC497-5E1B-425F-8A12-BC532AA21749}.Debug|Any CPU.ActiveCfg = Debug|Any CPU
		{DAEFC497-5E1B-425F-8A12-BC532AA21749}.Debug|Any CPU.Build.0 = Debug|Any CPU
		{DAEFC497-5E1B-425F-8A12-BC532AA21749}.Release|Any CPU.ActiveCfg = Release|Any CPU
		{DAEFC497-5E1B-425F-8A12-BC532AA21749}.Release|Any CPU.Build.0 = Release|Any CPU
	EndGlobalSection
	GlobalSection(SolutionProperties) = preSolution
		HideSolutionNode = FALSE
	EndGlobalSection
	GlobalSection(ExtensibilityGlobals) = postSolution
		SolutionGuid = {4C72ABEC-E5F6-43BD-A0D8-E7A28B20E165}
	EndGlobalSection
EndGlobal
