<?xml version="1.0" encoding="utf-8"?>
<Project ToolsVersion="4.0" xmlns="http://schemas.microsoft.com/developer/msbuild/2003">
  <ItemGroup>
    <Filter Include="Source files">
      <UniqueIdentifier>{ead76dd3-3fff-42af-b2e2-36debbbd9f61}</UniqueIdentifier>
      <Extensions>cpp;c;cc;cxx;def;odl;idl;hpj;bat;asm;asmx</Extensions>
    </Filter>
    <Filter Include="Header files">
      <UniqueIdentifier>{5de52b67-0306-420e-b602-c6b3da4117f4}</UniqueIdentifier>
      <Extensions>h;hpp;hxx;hm;inl;inc;xsd</Extensions>
    </Filter>
    <Filter Include="Resource files">
      <UniqueIdentifier>{ebabcfae-b1a4-4ce2-8fd1-3bc0a8e2b79e}</UniqueIdentifier>
      <Extensions>rc;ico;cur;bmp;dlg;rc2;rct;bin;rgs;gif;jpg;jpeg;jpe;resx;tiff;tif;png;wav</Extensions>
    </Filter>
    <Filter Include="Source files\Application">
      <UniqueIdentifier>{374b3e61-97c9-444b-8eee-162117eece3c}</UniqueIdentifier>
    </Filter>
    <Filter Include="Source files\Application\EWARM">
      <UniqueIdentifier>{7aa9ae96-6ecf-4b99-8012-db0be0c205f5}</UniqueIdentifier>
    </Filter>
    <Filter Include="Source files\Application\User">
      <UniqueIdentifier>{41e86ec2-9a74-4ded-9f27-4d18e370ba70}</UniqueIdentifier>
    </Filter>
    <Filter Include="Source files\Drivers">
      <UniqueIdentifier>{59ea1537-0596-4c79-bd95-2d2ddb8bca7e}</UniqueIdentifier>
    </Filter>
    <Filter Include="Source files\Drivers\STM32F1xx_HAL_Driver">
      <UniqueIdentifier>{3342f3e5-9f4c-4d82-b6d1-b2667b56df0c}</UniqueIdentifier>
    </Filter>
    <Filter Include="Source files\Drivers\CMSIS">
      <UniqueIdentifier>{a48df2a2-2022-4718-8e00-8abbb57fc4ae}</UniqueIdentifier>
    </Filter>
    <Filter Include="Source files\Middlewares">
      <UniqueIdentifier>{6525df35-0c05-4227-a8a5-15faa8a7b5ac}</UniqueIdentifier>
    </Filter>
    <Filter Include="Source files\Middlewares\FreeRTOS">
      <UniqueIdentifier>{3790d98c-47b2-4157-9aa5-188992a09363}</UniqueIdentifier>
    </Filter>
    <Filter Include="Source files\Device-specific files">
      <UniqueIdentifier>{b9857036-6c0c-4402-880a-6f29caf9957f}</UniqueIdentifier>
    </Filter>
    <Filter Include="Header files\Application">
      <UniqueIdentifier>{04bdc4d6-07b0-49ff-a85a-893fd773bfcb}</UniqueIdentifier>
    </Filter>
    <Filter Include="Header files\Application\EWARM">
      <UniqueIdentifier>{74b45986-2542-41f1-9de3-c19428b15cfe}</UniqueIdentifier>
    </Filter>
    <Filter Include="Header files\Application\User">
      <UniqueIdentifier>{3a67e5e9-69e9-41c6-a5f6-c5a716a6d081}</UniqueIdentifier>
    </Filter>
    <Filter Include="Header files\Drivers">
      <UniqueIdentifier>{530c3058-137c-47dc-9d0f-f8c6a95cdda5}</UniqueIdentifier>
    </Filter>
    <Filter Include="Header files\Drivers\STM32F1xx_HAL_Driver">
      <UniqueIdentifier>{31c68d12-f854-4792-8876-5d641db5bc36}</UniqueIdentifier>
    </Filter>
    <Filter Include="Header files\Drivers\CMSIS">
      <UniqueIdentifier>{706821e2-8986-4a3c-8942-f0902f5cc23c}</UniqueIdentifier>
    </Filter>
    <Filter Include="Header files\Middlewares">
      <UniqueIdentifier>{5da82d2f-804e-45d0-9345-df011871e722}</UniqueIdentifier>
    </Filter>
    <Filter Include="Header files\Middlewares\FreeRTOS">
      <UniqueIdentifier>{8d58a702-2d5f-451f-8079-b3e6cf05438f}</UniqueIdentifier>
    </Filter>
    <Filter Include="Header files\Device-specific files">
      <UniqueIdentifier>{6314941f-0b90-47c3-8e14-b602f644c026}</UniqueIdentifier>
    </Filter>
    <Filter Include="VisualGDB settings">
      <UniqueIdentifier>{2f88fb9d-75fd-4ddf-b3c2-81aec8c20701}</UniqueIdentifier>
    </Filter>
  </ItemGroup>
  <ItemGroup>
    <ClCompile Include="..\..\EWARM\startup_stm32f103xb.S">
      <Filter>Source files\Application\EWARM</Filter>
    </ClCompile>
    <ClCompile Include="..\..\Src\main.c">
      <Filter>Source files\Application\User</Filter>
    </ClCompile>
    <ClCompile Include="..\..\Src\freertos.c">
      <Filter>Source files\Application\User</Filter>
    </ClCompile>
    <ClCompile Include="..\..\Src\stm32f1xx_it.c">
      <Filter>Source files\Application\User</Filter>
    </ClCompile>
    <ClCompile Include="..\..\Src\stm32f1xx_hal_msp.c">
      <Filter>Source files\Application\User</Filter>
    </ClCompile>
    <ClCompile Include="..\..\Src\stm32f1xx_hal_timebase_tim.c">
      <Filter>Source files\Application\User</Filter>
    </ClCompile>
    <ClCompile Include="..\..\Drivers\STM32F1xx_HAL_Driver\Src\stm32f1xx_hal_gpio_ex.c">
      <Filter>Source files\Drivers\STM32F1xx_HAL_Driver</Filter>
    </ClCompile>
    <ClCompile Include="..\..\Drivers\STM32F1xx_HAL_Driver\Src\stm32f1xx_hal.c">
      <Filter>Source files\Drivers\STM32F1xx_HAL_Driver</Filter>
    </ClCompile>
    <ClCompile Include="..\..\Drivers\STM32F1xx_HAL_Driver\Src\stm32f1xx_hal_rcc.c">
      <Filter>Source files\Drivers\STM32F1xx_HAL_Driver</Filter>
    </ClCompile>
    <ClCompile Include="..\..\Drivers\STM32F1xx_HAL_Driver\Src\stm32f1xx_hal_rcc_ex.c">
      <Filter>Source files\Drivers\STM32F1xx_HAL_Driver</Filter>
    </ClCompile>
    <ClCompile Include="..\..\Drivers\STM32F1xx_HAL_Driver\Src\stm32f1xx_hal_gpio.c">
      <Filter>Source files\Drivers\STM32F1xx_HAL_Driver</Filter>
    </ClCompile>
    <ClCompile Include="..\..\Drivers\STM32F1xx_HAL_Driver\Src\stm32f1xx_hal_dma.c">
      <Filter>Source files\Drivers\STM32F1xx_HAL_Driver</Filter>
    </ClCompile>
    <ClCompile Include="..\..\Drivers\STM32F1xx_HAL_Driver\Src\stm32f1xx_hal_cortex.c">
      <Filter>Source files\Drivers\STM32F1xx_HAL_Driver</Filter>
    </ClCompile>
    <ClCompile Include="..\..\Drivers\STM32F1xx_HAL_Driver\Src\stm32f1xx_hal_pwr.c">
      <Filter>Source files\Drivers\STM32F1xx_HAL_Driver</Filter>
    </ClCompile>
    <ClCompile Include="..\..\Drivers\STM32F1xx_HAL_Driver\Src\stm32f1xx_hal_flash.c">
      <Filter>Source files\Drivers\STM32F1xx_HAL_Driver</Filter>
    </ClCompile>
    <ClCompile Include="..\..\Drivers\STM32F1xx_HAL_Driver\Src\stm32f1xx_hal_flash_ex.c">
      <Filter>Source files\Drivers\STM32F1xx_HAL_Driver</Filter>
    </ClCompile>
    <ClCompile Include="..\..\Drivers\STM32F1xx_HAL_Driver\Src\stm32f1xx_hal_exti.c">
      <Filter>Source files\Drivers\STM32F1xx_HAL_Driver</Filter>
    </ClCompile>
    <ClCompile Include="..\..\Drivers\STM32F1xx_HAL_Driver\Src\stm32f1xx_hal_spi.c">
      <Filter>Source files\Drivers\STM32F1xx_HAL_Driver</Filter>
    </ClCompile>
    <ClCompile Include="..\..\Drivers\STM32F1xx_HAL_Driver\Src\stm32f1xx_hal_tim.c">
      <Filter>Source files\Drivers\STM32F1xx_HAL_Driver</Filter>
    </ClCompile>
    <ClCompile Include="..\..\Drivers\STM32F1xx_HAL_Driver\Src\stm32f1xx_hal_tim_ex.c">
      <Filter>Source files\Drivers\STM32F1xx_HAL_Driver</Filter>
    </ClCompile>
    <ClCompile Include="..\..\Drivers\STM32F1xx_HAL_Driver\Src\stm32f1xx_hal_uart.c">
      <Filter>Source files\Drivers\STM32F1xx_HAL_Driver</Filter>
    </ClCompile>
    <ClCompile Include="..\..\Src\system_stm32f1xx.c">
      <Filter>Source files\Drivers\CMSIS</Filter>
    </ClCompile>
    <ClCompile Include="..\..\Middlewares\Third_Party\FreeRTOS\Source\croutine.c">
      <Filter>Source files\Middlewares\FreeRTOS</Filter>
    </ClCompile>
    <ClCompile Include="..\..\Middlewares\Third_Party\FreeRTOS\Source\event_groups.c">
      <Filter>Source files\Middlewares\FreeRTOS</Filter>
    </ClCompile>
    <ClCompile Include="..\..\Middlewares\Third_Party\FreeRTOS\Source\list.c">
      <Filter>Source files\Middlewares\FreeRTOS</Filter>
    </ClCompile>
    <ClCompile Include="..\..\Middlewares\Third_Party\FreeRTOS\Source\queue.c">
      <Filter>Source files\Middlewares\FreeRTOS</Filter>
    </ClCompile>
    <ClCompile Include="..\..\Middlewares\Third_Party\FreeRTOS\Source\stream_buffer.c">
      <Filter>Source files\Middlewares\FreeRTOS</Filter>
    </ClCompile>
    <ClCompile Include="..\..\Middlewares\Third_Party\FreeRTOS\Source\tasks.c">
      <Filter>Source files\Middlewares\FreeRTOS</Filter>
    </ClCompile>
    <ClCompile Include="..\..\Middlewares\Third_Party\FreeRTOS\Source\timers.c">
      <Filter>Source files\Middlewares\FreeRTOS</Filter>
    </ClCompile>
    <ClCompile Include="..\..\Middlewares\Third_Party\FreeRTOS\Source\CMSIS_RTOS_V2\cmsis_os2.c">
      <Filter>Source files\Middlewares\FreeRTOS</Filter>
    </ClCompile>
    <ClCompile Include="..\..\Middlewares\Third_Party\FreeRTOS\Source\portable\MemMang\heap_4.c">
      <Filter>Source files\Middlewares\FreeRTOS</Filter>
    </ClCompile>
    <ClCompile Include="..\..\Middlewares\Third_Party\FreeRTOS\Source\portable\IAR\ARM_CM3\port.c">
      <Filter>Source files\Middlewares\FreeRTOS</Filter>
    </ClCompile>
    <ClCompile Include="..\..\Middlewares\Third_Party\FreeRTOS\Source\portable\IAR\ARM_CM3\portasm.S">
      <Filter>Source files\Middlewares\FreeRTOS</Filter>
    </ClCompile>
    <None Include="mcu.props">
      <Filter>Source files\Device-specific files</Filter>
    </None>
    <None Include="MyMQTTProject-Debug.vgdbsettings">
      <Filter>VisualGDB settings</Filter>
    </None>
    <None Include="MyMQTTProject-Release.vgdbsettings">
      <Filter>VisualGDB settings</Filter>
    </None>
    <None Include="MCU.xml">
      <Filter>VisualGDB settings</Filter>
    </None>
    <ClCompile Include="..\..\..\MyLibraries\DHCP\dhcp.c">
      <Filter>Source files</Filter>
    </ClCompile>
    <ClCompile Include="..\..\..\MyLibraries\DNS\dns.c">
      <Filter>Source files</Filter>
    </ClCompile>
    <ClCompile Include="..\..\..\MyLibraries\MQTT\MQTTPacket\src\MQTTConnectClient.c">
      <Filter>Source files</Filter>
    </ClCompile>
    <ClCompile Include="..\..\..\MyLibraries\MQTT\MQTTPacket\src\MQTTConnectServer.c">
      <Filter>Source files</Filter>
    </ClCompile>
    <ClCompile Include="..\..\..\MyLibraries\MQTT\MQTTPacket\src\MQTTDeserializePublish.c">
      <Filter>Source files</Filter>
    </ClCompile>
    <ClCompile Include="..\..\..\MyLibraries\MQTT\MQTTPacket\src\MQTTFormat.c">
      <Filter>Source files</Filter>
    </ClCompile>
    <ClCompile Include="..\..\..\MyLibraries\MQTT\MQTTPacket\src\MQTTPacket.c">
      <Filter>Source files</Filter>
    </ClCompile>
    <ClCompile Include="..\..\..\MyLibraries\MQTT\MQTTPacket\src\MQTTSerializePublish.c">
      <Filter>Source files</Filter>
    </ClCompile>
    <ClCompile Include="..\..\..\MyLibraries\MQTT\MQTTPacket\src\MQTTSubscribeClient.c">
      <Filter>Source files</Filter>
    </ClCompile>
    <ClCompile Include="..\..\..\MyLibraries\MQTT\MQTTPacket\src\MQTTSubscribeServer.c">
      <Filter>Source files</Filter>
    </ClCompile>
    <ClCompile Include="..\..\..\MyLibraries\MQTT\MQTTPacket\src\MQTTUnsubscribeClient.c">
      <Filter>Source files</Filter>
    </ClCompile>
    <ClCompile Include="..\..\..\MyLibraries\MQTT\MQTTPacket\src\MQTTUnsubscribeServer.c">
      <Filter>Source files</Filter>
    </ClCompile>
    <ClCompile Include="..\..\..\MyLibraries\MQTT\mqtt_interface.c">
      <Filter>Source files</Filter>
    </ClCompile>
    <ClCompile Include="..\..\..\MyLibraries\MQTT\MQTTClient.c">
      <Filter>Source files</Filter>
    </ClCompile>
    <ClCompile Include="..\..\..\MyLibraries\GlobalDefault.c">
      <Filter>Source files</Filter>
    </ClCompile>
    <ClCompile Include="..\..\..\MyLibraries\MQTTDrive.c">
      <Filter>Source files</Filter>
    </ClCompile>
    <ClCompile Include="..\..\..\MyLibraries\W5500\socket.c">
      <Filter>Source files</Filter>
    </ClCompile>
    <ClCompile Include="..\..\..\MyLibraries\W5500\w5500.c">
      <Filter>Source files</Filter>
    </ClCompile>
    <ClCompile Include="..\..\..\MyLibraries\W5500\wizchip_conf.c">
      <Filter>Source files</Filter>
    </ClCompile>
  </ItemGroup>
  <ItemGroup>
    <ClInclude Include="..\..\..\MyLibraries\MQTT\MQTTPacket\src\MQTTConnect.h">
      <Filter>Header files</Filter>
    </ClInclude>
    <ClInclude Include="..\..\..\MyLibraries\MQTT\MQTTPacket\src\MQTTFormat.h">
      <Filter>Header files</Filter>
    </ClInclude>
    <ClInclude Include="..\..\..\MyLibraries\MQTT\MQTTPacket\src\MQTTPacket.h">
      <Filter>Header files</Filter>
    </ClInclude>
    <ClInclude Include="..\..\..\MyLibraries\MQTT\MQTTPacket\src\MQTTPublish.h">
      <Filter>Header files</Filter>
    </ClInclude>
    <ClInclude Include="..\..\..\MyLibraries\MQTT\MQTTPacket\src\MQTTSubscribe.h">
      <Filter>Header files</Filter>
    </ClInclude>
    <ClInclude Include="..\..\..\MyLibraries\MQTT\MQTTPacket\src\MQTTUnsubscribe.h">
      <Filter>Header files</Filter>
    </ClInclude>
    <ClInclude Include="..\..\..\MyLibraries\MQTT\MQTTPacket\src\StackTrace.h">
      <Filter>Header files</Filter>
    </ClInclude>
  </ItemGroup>
</Project>